<?xml version="1.0" encoding="utf-8"?>
<Project ToolsVersion="4.0" xmlns="http://schemas.microsoft.com/developer/msbuild/2003">
  <ItemGroup>
    <Filter Include="Source Files">
      <UniqueIdentifier>{4FC737F1-C7A5-4376-A066-2A32D752A2FF}</UniqueIdentifier>
      <Extensions>cpp;c;cc;cxx;c++;cppm;ixx;def;odl;idl;hpj;bat;asm;asmx</Extensions>
    </Filter>
    <Filter Include="Header Files">
      <UniqueIdentifier>{93995380-89BD-4b04-88EB-625FBE52EBFB}</UniqueIdentifier>
      <Extensions>h;hh;hpp;hxx;h++;hm;inl;inc;ipp;xsd</Extensions>
    </Filter>
    <Filter Include="Resource Files">
      <UniqueIdentifier>{67DA6AB6-F800-4c08-8B7A-83BB121AAD01}</UniqueIdentifier>
      <Extensions>rc;ico;cur;bmp;dlg;rc2;rct;bin;rgs;gif;jpg;jpeg;jpe;resx;tiff;tif;png;wav;mfcribbon-ms</Extensions>
    </Filter>
    <Filter Include="Source Files\Src">
      <UniqueIdentifier>{c39fdb3b-9f5a-4fa0-95ab-e19138ccaca7}</UniqueIdentifier>
    </Filter>
  </ItemGroup>
  <ItemGroup>
    <ClCompile Include="Src\Main\main.cpp">
      <Filter>Source Files\Src</Filter>
    </ClCompile>
    <ClCompile Include="Src\Player\Player.cpp">
      <Filter>Source Files</Filter>
    </ClCompile>
    <ClCompile Include="Src\Render\Render.cpp">
      <Filter>Source Files</Filter>
    </ClCompile>
    <ClCompile Include="Src\GAME\GAMEINFO.CPP">
      <Filter>Source Files</Filter>
    </ClCompile>
    <ClCompile Include="Src\FPS\FrameRate.cpp">
      <Filter>Source Files</Filter>
    </ClCompile>
    <ClCompile Include="Src\Collision\CollisionManager.cpp">
      <Filter>Source Files</Filter>
    </ClCompile>
    <ClCompile Include="Src\Collision\Barrier\Barrier.cpp">
      <Filter>Source Files</Filter>
    </ClCompile>
    <ClCompile Include="Src\Manager\GameManager.cpp">
      <Filter>Source Files</Filter>
    </ClCompile>
    <ClCompile Include="Src\Font\FontManager.cpp">
      <Filter>Source Files</Filter>
    </ClCompile>
    <ClCompile Include="Src\Input\InputManager.cpp">
      <Filter>Source Files</Filter>
    </ClCompile>
    <ClCompile Include="Src\Color\ColorManager.cpp">
      <Filter>Source Files</Filter>
    </ClCompile>
    <ClCompile Include="Src\Ball\Ball.cpp">
      <Filter>Source Files</Filter>
    </ClCompile>
    <ClCompile Include="Src\TAG\TagManager.cpp">
      <Filter>Source Files</Filter>
    </ClCompile>
    <ClCompile Include="Src\Bricks\Brick.cpp">
      <Filter>Source Files</Filter>
    </ClCompile>
    <ClCompile Include="Src\Level\Level.cpp">
      <Filter>Source Files</Filter>
    </ClCompile>
    <ClCompile Include="Src\Render\GAME\RENDER_GAME.cpp">
      <Filter>Source Files</Filter>
    </ClCompile>
    <ClCompile Include="Src\Render\MAINMENU\RENDER_MAINMENU.cpp">
      <Filter>Source Files</Filter>
    </ClCompile>
    <ClCompile Include="Src\Render\RETRYMENU\RENDER_RETRYMENU.cpp">
      <Filter>Source Files</Filter>
    </ClCompile>
    <ClCompile Include="Src\Audio\AudioManager.cpp">
      <Filter>Source Files</Filter>
    </ClCompile>
    <ClCompile Include="Assets\EVENT.cpp">
      <Filter>Source Files</Filter>
    </ClCompile>
  </ItemGroup>
  <ItemGroup>
    <ClInclude Include="Src\Main\main.h">
      <Filter>Header Files</Filter>
    </ClInclude>
    <ClInclude Include="Src\Player\Player.h">
      <Filter>Header Files</Filter>
    </ClInclude>
    <ClInclude Include="Src\Render\Render.h">
      <Filter>Header Files</Filter>
    </ClInclude>
    <ClInclude Include="Src\GAME\GAMEINFO.h">
      <Filter>Header Files</Filter>
    </ClInclude>
    <ClInclude Include="Src\GAME\GameObject.h">
      <Filter>Header Files</Filter>
    </ClInclude>
    <ClInclude Include="Src\FPS\FrameRate.h">
      <Filter>Header Files</Filter>
    </ClInclude>
    <ClInclude Include="Src\Collision\Barrier\Barrier.h">
      <Filter>Header Files</Filter>
    </ClInclude>
    <ClInclude Include="Src\Collision\CollisionManager.h">
      <Filter>Header Files</Filter>
    </ClInclude>
    <ClInclude Include="Src\Manager\GameManager.h">
      <Filter>Header Files</Filter>
    </ClInclude>
    <ClInclude Include="SDL_ttf.h">
      <Filter>Header Files</Filter>
    </ClInclude>
    <ClInclude Include="Src\Font\FontManager.h">
      <Filter>Header Files</Filter>
    </ClInclude>
    <ClInclude Include="Src\Color\ColorManager.h">
      <Filter>Header Files</Filter>
    </ClInclude>
    <ClInclude Include="Src\Score\ScoreManager.h">
      <Filter>Header Files</Filter>
    </ClInclude>
    <ClInclude Include="Src\Input\InputManager.h">
      <Filter>Header Files</Filter>
    </ClInclude>
    <ClInclude Include="Src\Ball\Ball.h">
      <Filter>Header Files</Filter>
    </ClInclude>
    <ClInclude Include="Src\TAG\TagManager.h">
      <Filter>Header Files</Filter>
    </ClInclude>
    <ClInclude Include="Src\GAME\RANDOM.h">
      <Filter>Header Files</Filter>
    </ClInclude>
    <ClInclude Include="Src\Bricks\Brick.h">
      <Filter>Header Files</Filter>
    </ClInclude>
    <ClInclude Include="Src\GAME\POSITION.h">
      <Filter>Header Files</Filter>
    </ClInclude>
    <ClInclude Include="Src\GAME\NORMALIZE.h">
      <Filter>Header Files</Filter>
    </ClInclude>
    <ClInclude Include="Src\GAME\MATH.h">
      <Filter>Header Files</Filter>
    </ClInclude>
    <ClInclude Include="Src\Level\Level.h">
      <Filter>Header Files</Filter>
    </ClInclude>
    <ClInclude Include="Src\GAME\TIMER\Timer.h">
      <Filter>Header Files</Filter>
    </ClInclude>
    <ClInclude Include="Src\Live\LiveManager.h">
      <Filter>Header Files</Filter>
    </ClInclude>
    <ClInclude Include="Src\GAME\STREAK.h">
      <Filter>Header Files</Filter>
    </ClInclude>
    <ClInclude Include="Src\GAME\MENU_STATES.h">
      <Filter>Header Files</Filter>
    </ClInclude>
    <ClInclude Include="Src\Render\MAINMENU\RENDER_MAINMENU.h">
      <Filter>Header Files</Filter>
    </ClInclude>
    <ClInclude Include="Src\Render\GAME\RENDER_GAME.h">
      <Filter>Header Files</Filter>
    </ClInclude>
    <ClInclude Include="Src\Render\RENDER_BASE_MENU.h">
      <Filter>Header Files</Filter>
    </ClInclude>
    <ClInclude Include="Src\Font\TextElement.h">
      <Filter>Header Files</Filter>
    </ClInclude>
    <ClInclude Include="Src\Render\RETRYMENU\RENDER_RETRYMENU.h">
      <Filter>Header Files</Filter>
    </ClInclude>
    <ClInclude Include="Src\GAME\GAME_STATES.h">
      <Filter>Header Files</Filter>
    </ClInclude>
    <ClInclude Include="Src\Audio\AudioManager.h">
      <Filter>Header Files</Filter>
    </ClInclude>
    <ClInclude Include="Src\Audio\AudioElement.h">
      <Filter>Header Files</Filter>
    </ClInclude>
    <ClInclude Include="Src\Events\Menu_EventManager.h">
      <Filter>Header Files</Filter>
    </ClInclude>
  </ItemGroup>
</Project>